{
  "version": "2",
  "remote": {
    "https://deno.land/std@0.150.0/_util/assert.ts": "e94f2eb37cebd7f199952e242c77654e43333c1ac4c5c700e929ea3aa5489f74",
    "https://deno.land/std@0.150.0/async/abortable.ts": "87aa7230be8360c24ad437212311c9e8d4328854baec27b4c7abb26e85515c06",
    "https://deno.land/std@0.150.0/async/deadline.ts": "48ac998d7564969f3e6ec6b6f9bf0217ebd00239b1b2292feba61272d5dd58d0",
    "https://deno.land/std@0.150.0/async/debounce.ts": "564273ef242bcfcda19a439132f940db8694173abffc159ea34f07d18fc42620",
    "https://deno.land/std@0.150.0/async/deferred.ts": "bc18e28108252c9f67dfca2bbc4587c3cbf3aeb6e155f8c864ca8ecff992b98a",
    "https://deno.land/std@0.150.0/async/delay.ts": "cbbdf1c87d1aed8edc7bae13592fb3e27e3106e0748f089c263390d4f49e5f6c",
    "https://deno.land/std@0.150.0/async/mod.ts": "9852cd8ed897ab2d41a8fbee611d574e97898327db5c19d9d58e41126473f02c",
    "https://deno.land/std@0.150.0/async/mux_async_iterator.ts": "5b4aca6781ad0f2e19ccdf1d1a1c092ccd3e00d52050d9c27c772658c8367256",
    "https://deno.land/std@0.150.0/async/pool.ts": "ef9eb97b388543acbf0ac32647121e4dbe629236899586c4d4311a8770fbb239",
    "https://deno.land/std@0.150.0/async/tee.ts": "bcfae0017ebb718cf4eef9e2420e8675d91cb1bcc0ed9b668681af6e6caad846",
    "https://deno.land/std@0.150.0/bytes/bytes_list.ts": "aba5e2369e77d426b10af1de0dcc4531acecec27f9b9056f4f7bfbf8ac147ab4",
    "https://deno.land/std@0.150.0/bytes/equals.ts": "3c3558c3ae85526f84510aa2b48ab2ad7bdd899e2e0f5b7a8ffc85acb3a6043a",
    "https://deno.land/std@0.150.0/bytes/mod.ts": "763f97d33051cc3f28af1a688dfe2830841192a9fea0cbaa55f927b49d49d0bf",
    "https://deno.land/std@0.150.0/fmt/colors.ts": "6f9340b7fb8cc25a993a99e5efc56fe81bb5af284ff412129dd06df06f53c0b4",
    "https://deno.land/std@0.150.0/fs/exists.ts": "cb734d872f8554ea40b8bff77ad33d4143c1187eac621a55bf37781a43c56f6d",
    "https://deno.land/std@0.150.0/http/server.ts": "0b0a9f3abfcfecead944b31ee9098a0c11a59b0495bf873ee200eb80e7441483",
    "https://deno.land/std@0.150.0/io/buffer.ts": "bd0c4bf53db4b4be916ca5963e454bddfd3fcd45039041ea161dbf826817822b",
    "https://deno.land/std@0.150.0/log/handlers.ts": "b88c24df61eaeee8581dbef3622f21aebfd061cd2fda49affc1711c0e54d57da",
    "https://deno.land/std@0.150.0/log/levels.ts": "82c965b90f763b5313e7595d4ba78d5095a13646d18430ebaf547526131604d1",
    "https://deno.land/std@0.150.0/log/logger.ts": "4d25581bc02dfbe3ad7e8bb480e1f221793a85be5e056185a0cea134f7a7fdf4",
    "https://deno.land/std@0.150.0/log/mod.ts": "65d2702785714b8d41061426b5c279f11b3dcbc716f3eb5384372a430af63961",
    "https://deno.land/std@0.192.0/_util/asserts.ts": "178dfc49a464aee693a7e285567b3d0b555dc805ff490505a8aae34f9cfb1462",
    "https://deno.land/std@0.192.0/_util/os.ts": "d932f56d41e4f6a6093d56044e29ce637f8dcc43c5a90af43504a889cf1775e3",
    "https://deno.land/std@0.192.0/async/abortable.ts": "fd682fa46f3b7b16b4606a5ab52a7ce309434b76f820d3221bdfb862719a15d7",
    "https://deno.land/std@0.192.0/async/deadline.ts": "58f72a3cc0fcb731b2cc055ba046f4b5be3349ff6bf98f2e793c3b969354aab2",
    "https://deno.land/std@0.192.0/async/debounce.ts": "adab11d04ca38d699444ac8a9d9856b4155e8dda2afd07ce78276c01ea5a4332",
    "https://deno.land/std@0.192.0/async/deferred.ts": "42790112f36a75a57db4a96d33974a936deb7b04d25c6084a9fa8a49f135def8",
    "https://deno.land/std@0.192.0/async/delay.ts": "73aa04cec034c84fc748c7be49bb15cac3dd43a57174bfdb7a4aec22c248f0dd",
    "https://deno.land/std@0.192.0/async/mod.ts": "f04344fa21738e5ad6bea37a6bfffd57c617c2d372bb9f9dcfd118a1b622e576",
    "https://deno.land/std@0.192.0/async/mux_async_iterator.ts": "70c7f2ee4e9466161350473ad61cac0b9f115cff4c552eaa7ef9d50c4cbb4cc9",
    "https://deno.land/std@0.192.0/async/pool.ts": "f1b8d3df4d7fd3c73f8cbc91cc2e8b8e950910f1eab94230b443944d7584c657",
    "https://deno.land/std@0.192.0/async/retry.ts": "6521c061a5ab24e8b1ae624bdc581c4243d1d574f99dc7f5a2a195c2241fb1b8",
    "https://deno.land/std@0.192.0/async/tee.ts": "47e42d35f622650b02234d43803d0383a89eb4387e1b83b5a40106d18ae36757",
    "https://deno.land/std@0.192.0/bytes/bytes_list.ts": "31d664f4d42fa922066405d0e421c56da89d751886ee77bbe25a88bf0310c9d0",
    "https://deno.land/std@0.192.0/bytes/concat.ts": "d26d6f3d7922e6d663dacfcd357563b7bf4a380ce5b9c2bbe0c8586662f25ce2",
    "https://deno.land/std@0.192.0/bytes/copy.ts": "939d89e302a9761dcf1d9c937c7711174ed74c59eef40a1e4569a05c9de88219",
    "https://deno.land/std@0.192.0/http/server.ts": "1b23463b5b36e4eebc495417f6af47a6f7d52e3294827a1226d2a1aab23d9d20",
    "https://deno.land/std@0.192.0/io/buf_reader.ts": "06fff3337091c49e99ebd2dd790c9a90364c087a2953ea081667400fd6c6cebb",
    "https://deno.land/std@0.192.0/io/buf_writer.ts": "48c33c8f00b61dcbc7958706741cec8e59810bd307bc6a326cbd474fe8346dfd",
    "https://deno.land/std@0.192.0/io/buffer.ts": "17f4410eaaa60a8a85733e8891349a619eadfbbe42e2f319283ce2b8f29723ab",
    "https://deno.land/std@0.192.0/io/copy_n.ts": "0cc7ce07c75130f6fc18621ec1911c36e147eb9570664fee0ea12b1988167590",
    "https://deno.land/std@0.192.0/io/limited_reader.ts": "6c9a216f8eef39c1ee2a6b37a29372c8fc63455b2eeb91f06d9646f8f759fc8b",
    "https://deno.land/std@0.192.0/io/mod.ts": "2665bcccc1fd6e8627cca167c3e92aaecbd9897556b6f69e6d258070ef63fd9b",
    "https://deno.land/std@0.192.0/io/multi_reader.ts": "9c2a0a31686c44b277e16da1d97b4686a986edcee48409b84be25eedbc39b271",
    "https://deno.land/std@0.192.0/io/read_delim.ts": "c02b93cc546ae8caad8682ae270863e7ace6daec24c1eddd6faabc95a9d876a3",
    "https://deno.land/std@0.192.0/io/read_int.ts": "7cb8bcdfaf1107586c3bacc583d11c64c060196cb070bb13ae8c2061404f911f",
    "https://deno.land/std@0.192.0/io/read_lines.ts": "c526c12a20a9386dc910d500f9cdea43cba974e853397790bd146817a7eef8cc",
    "https://deno.land/std@0.192.0/io/read_long.ts": "f0aaa420e3da1261c5d33c5e729f09922f3d9fa49f046258d4ff7a00d800c71e",
    "https://deno.land/std@0.192.0/io/read_range.ts": "28152daf32e43dd9f7d41d8466852b0d18ad766cd5c4334c91fef6e1b3a74eb5",
    "https://deno.land/std@0.192.0/io/read_short.ts": "805cb329574b850b84bf14a92c052c59b5977a492cd780c41df8ad40826c1a20",
    "https://deno.land/std@0.192.0/io/read_string_delim.ts": "5dc9f53bdf78e7d4ee1e56b9b60352238ab236a71c3e3b2a713c3d78472a53ce",
    "https://deno.land/std@0.192.0/io/slice_long_to_bytes.ts": "48d9bace92684e880e46aa4a2520fc3867f9d7ce212055f76ecc11b22f9644b7",
    "https://deno.land/std@0.192.0/io/string_reader.ts": "da0f68251b3d5b5112485dfd4d1b1936135c9b4d921182a7edaf47f74c25cc8f",
    "https://deno.land/std@0.192.0/io/string_writer.ts": "8a03c5858c24965a54c6538bed15f32a7c72f5704a12bda56f83a40e28e5433e",
    "https://deno.land/std@0.192.0/path/_constants.ts": "e49961f6f4f48039c0dfed3c3f93e963ca3d92791c9d478ac5b43183413136e0",
    "https://deno.land/std@0.192.0/path/_interface.ts": "6471159dfbbc357e03882c2266d21ef9afdb1e4aa771b0545e90db58a0ba314b",
    "https://deno.land/std@0.192.0/path/_util.ts": "d7abb1e0dea065f427b89156e28cdeb32b045870acdf865833ba808a73b576d0",
    "https://deno.land/std@0.192.0/path/common.ts": "ee7505ab01fd22de3963b64e46cff31f40de34f9f8de1fff6a1bd2fe79380000",
    "https://deno.land/std@0.192.0/path/glob.ts": "d479e0a695621c94d3fd7fe7abd4f9499caf32a8de13f25073451c6ef420a4e1",
    "https://deno.land/std@0.192.0/path/mod.ts": "f065032a7189404fdac3ad1a1551a9ac84751d2f25c431e101787846c86c79ef",
    "https://deno.land/std@0.192.0/path/posix.ts": "8b7c67ac338714b30c816079303d0285dd24af6b284f7ad63da5b27372a2c94d",
    "https://deno.land/std@0.192.0/path/separator.ts": "0fb679739d0d1d7bf45b68dacfb4ec7563597a902edbaf3c59b50d5bcadd93b1",
    "https://deno.land/std@0.192.0/path/win32.ts": "d186344e5583bcbf8b18af416d13d82b35a317116e6460a5a3953508c3de5bba",
    "https://deno.land/std@0.192.0/streams/read_all.ts": "ee319772fb0fd28302f97343cc48dfcf948f154fd0d755d8efe65814b70533be",
    "https://deno.land/std@0.192.0/types.d.ts": "dbaeb2c4d7c526db9828fc8df89d8aecf53b9ced72e0c4568f97ddd8cda616a4",
    "https://deno.land/x/socket_io@0.1.1/deps.ts": "136b3fc7c55f2a06a367965da3395f1bf7de66d36a0d91c5f795084fa8c67ab3",
    "https://deno.land/x/socket_io@0.1.1/mod.ts": "cc52c1f6fc1a647d7ac62d22d3125063cc598e8b291b14c0d51dc66c722afb9b",
    "https://deno.land/x/socket_io@0.1.1/packages/engine.io-parser/base64-arraybuffer.ts": "57ccea6679609df5416159fcc8a47936ad28ad6fe32235ef78d9223a3a823407",
    "https://deno.land/x/socket_io@0.1.1/packages/engine.io-parser/mod.ts": "27d35094e2159ba49f6e74f11ed83b6208a6adb5a2d5ab3cbbdcdc9dc0e36ae7",
    "https://deno.land/x/socket_io@0.1.1/packages/engine.io/lib/cors.ts": "e39b530dc3526ef85f288766ce592fa5cce2ec38b3fa19922041a7885b79b67c",
    "https://deno.land/x/socket_io@0.1.1/packages/engine.io/lib/server.ts": "1321852222ccf6b656787881fe0112c2a62930beaf1a56b6f5b327511323176f",
    "https://deno.land/x/socket_io@0.1.1/packages/engine.io/lib/socket.ts": "35ca125a934df684ff9b1c9b1d22ba78ccefc1bb6d6e9f9869b6da71dc940981",
    "https://deno.land/x/socket_io@0.1.1/packages/engine.io/lib/transport.ts": "8d09ae6bde2f71942cfbae96265aa693387e054776cf2ef5a3b4f8aafa9a427f",
    "https://deno.land/x/socket_io@0.1.1/packages/engine.io/lib/transports/polling.ts": "3d3cf369eb430360b57eaf18c74fb7783a1641ed8613c460cdfa8f663ca66be4",
    "https://deno.land/x/socket_io@0.1.1/packages/engine.io/lib/transports/websocket.ts": "fd818e91e10c55b587a221669f90cc79df42574f781e50ef73bf3539fd9bcfee",
    "https://deno.land/x/socket_io@0.1.1/packages/engine.io/lib/util.ts": "9f396a141422c8a2e2ef4cbb31c8b7ec96665d8f1ca397888eaaa9ad28ca8c65",
    "https://deno.land/x/socket_io@0.1.1/packages/engine.io/mod.ts": "3f7d85ebd3bee6e17838f4867927d808f35090a71e088fd4dd802e3255d44c4a",
    "https://deno.land/x/socket_io@0.1.1/packages/event-emitter/mod.ts": "dcb2cb9c0b409060cf15a6306a8dbebea844aa3c58f782ed1d4bc3ccef7c2835",
    "https://deno.land/x/socket_io@0.1.1/packages/socket.io-parser/mod.ts": "44479cf563b0ad80efedd1059cd40114bc5db199b45e623c2764e80f4a264f8c",
    "https://deno.land/x/socket_io@0.1.1/packages/socket.io/lib/adapter.ts": "464ac4d48a1e61483a780f8c3d332e5b270e47bcc0fc352ff0776f59604730a0",
    "https://deno.land/x/socket_io@0.1.1/packages/socket.io/lib/broadcast-operator.ts": "d5bfba21db619e62537647824cdb99f1b01339e24f279ca234bae6eb405c06fc",
    "https://deno.land/x/socket_io@0.1.1/packages/socket.io/lib/client.ts": "b0d43c4b5ecad3fe26f35431ecf671910926da747fbb08bcd0ee69592f2c37be",
    "https://deno.land/x/socket_io@0.1.1/packages/socket.io/lib/namespace.ts": "0976c4368a6be4979be4aee1f8130d3a00a666d1919128a609cac425acb6ff40",
    "https://deno.land/x/socket_io@0.1.1/packages/socket.io/lib/parent-namespace.ts": "2d7f8a70498d161856aec522ae2f98727d58c5a9c252ad51a6ab5830b4fa9e2e",
    "https://deno.land/x/socket_io@0.1.1/packages/socket.io/lib/server.ts": "c8814985a7cfa0dbad70a2daee6e6893f79b2027ddac7a3e7ba433f3c779944b",
    "https://deno.land/x/socket_io@0.1.1/packages/socket.io/lib/socket.ts": "950c6002fa48f31925badf3aa4dc0edc3d3bba9a6a1a15897c0209dce148f1e4",
    "https://deno.land/x/socket_io@0.1.1/packages/socket.io/mod.ts": "b91bcfaf55f45e45b9f5a779856d8c2a07543e7f3cc89c365ed636ee6742220a"
  },
  "npm": {
    "specifiers": {
      "@types/express": "@types/express@4.17.17",
      "cors": "cors@2.8.5",
      "express": "express@4.18.2",
      "nodejs-file-downloader": "nodejs-file-downloader@4.12.1",
      "socket.io": "socket.io@4.7.1"
    },
    "packages": {
      "@socket.io/component-emitter@3.1.0": {
        "integrity": "sha512-+9jVqKhRSpsc591z5vX+X5Yyw+he/HCB4iQ/RYxw35CEPaY1gnsNE43nf9n9AaYjAQrTiI/mOwKUKdUs9vf7Xg==",
        "dependencies": {}
      },
      "@types/body-parser@1.19.2": {
        "integrity": "sha512-ALYone6pm6QmwZoAgeyNksccT9Q4AWZQ6PvfwR37GT6r6FWUPguq6sUmNGSMV2Wr761oQoBxwGGa6DR5o1DC9g==",
        "dependencies": {
          "@types/connect": "@types/connect@3.4.35",
          "@types/node": "@types/node@20.3.2"
        }
      },
      "@types/connect@3.4.35": {
        "integrity": "sha512-cdeYyv4KWoEgpBISTxWvqYsVy444DOqehiF3fM3ne10AmJ62RSyNkUnxMJXHQWRQQX2eR94m5y1IZyDwBjV9FQ==",
        "dependencies": {
          "@types/node": "@types/node@20.3.2"
        }
      },
      "@types/cookie@0.4.1": {
        "integrity": "sha512-XW/Aa8APYr6jSVVA1y/DEIZX0/GMKLEVekNG727R8cs56ahETkRAy/3DR7+fJyh7oUgGwNQaRfXCun0+KbWY7Q==",
        "dependencies": {}
      },
      "@types/cors@2.8.13": {
        "integrity": "sha512-RG8AStHlUiV5ysZQKq97copd2UmVYw3/pRMLefISZ3S1hK104Cwm7iLQ3fTKx+lsUH2CE8FlLaYeEA2LSeqYUA==",
        "dependencies": {
          "@types/node": "@types/node@20.3.2"
        }
      },
      "@types/express-serve-static-core@4.17.35": {
        "integrity": "sha512-wALWQwrgiB2AWTT91CB62b6Yt0sNHpznUXeZEcnPU3DRdlDIz74x8Qg1UUYKSVFi+va5vKOLYRBI1bRKiLLKIg==",
        "dependencies": {
          "@types/node": "@types/node@20.3.2",
          "@types/qs": "@types/qs@6.9.7",
          "@types/range-parser": "@types/range-parser@1.2.4",
          "@types/send": "@types/send@0.17.1"
        }
      },
      "@types/express@4.17.17": {
        "integrity": "sha512-Q4FmmuLGBG58btUnfS1c1r/NQdlp3DMfGDGig8WhfpA2YRUtEkxAjkZb0yvplJGYdF1fsQ81iMDcH24sSCNC/Q==",
        "dependencies": {
          "@types/body-parser": "@types/body-parser@1.19.2",
          "@types/express-serve-static-core": "@types/express-serve-static-core@4.17.35",
          "@types/qs": "@types/qs@6.9.7",
          "@types/serve-static": "@types/serve-static@1.15.2"
        }
      },
      "@types/http-errors@2.0.1": {
        "integrity": "sha512-/K3ds8TRAfBvi5vfjuz8y6+GiAYBZ0x4tXv1Av6CWBWn0IlADc+ZX9pMq7oU0fNQPnBwIZl3rmeLp6SBApbxSQ==",
        "dependencies": {}
      },
      "@types/mime@1.3.2": {
        "integrity": "sha512-YATxVxgRqNH6nHEIsvg6k2Boc1JHI9ZbH5iWFFv/MTkchz3b1ieGDa5T0a9RznNdI0KhVbdbWSN+KWWrQZRxTw==",
        "dependencies": {}
      },
      "@types/mime@3.0.1": {
        "integrity": "sha512-Y4XFY5VJAuw0FgAqPNd6NNoV44jbq9Bz2L7Rh/J6jLTiHBSBJa9fxqQIvkIld4GsoDOcCbvzOUAbLPsSKKg+uA==",
        "dependencies": {}
      },
      "@types/node@20.3.2": {
        "integrity": "sha512-vOBLVQeCQfIcF/2Y7eKFTqrMnizK5lRNQ7ykML/5RuwVXVWxYkgwS7xbt4B6fKCUPgbSL5FSsjHQpaGQP/dQmw==",
        "dependencies": {}
      },
      "@types/qs@6.9.7": {
        "integrity": "sha512-FGa1F62FT09qcrueBA6qYTrJPVDzah9a+493+o2PCXsesWHIn27G98TsSMs3WPNbZIEj4+VJf6saSFpvD+3Zsw==",
        "dependencies": {}
      },
      "@types/range-parser@1.2.4": {
        "integrity": "sha512-EEhsLsD6UsDM1yFhAvy0Cjr6VwmpMWqFBCb9w07wVugF7w9nfajxLuVmngTIpgS6svCnm6Vaw+MZhoDCKnOfsw==",
        "dependencies": {}
      },
      "@types/send@0.17.1": {
        "integrity": "sha512-Cwo8LE/0rnvX7kIIa3QHCkcuF21c05Ayb0ZfxPiv0W8VRiZiNW/WuRupHKpqqGVGf7SUA44QSOUKaEd9lIrd/Q==",
        "dependencies": {
          "@types/mime": "@types/mime@1.3.2",
          "@types/node": "@types/node@20.3.2"
        }
      },
      "@types/serve-static@1.15.2": {
        "integrity": "sha512-J2LqtvFYCzaj8pVYKw8klQXrLLk7TBZmQ4ShlcdkELFKGwGMfevMLneMMRkMgZxotOD9wg497LpC7O8PcvAmfw==",
        "dependencies": {
          "@types/http-errors": "@types/http-errors@2.0.1",
          "@types/mime": "@types/mime@3.0.1",
          "@types/node": "@types/node@20.3.2"
        }
      },
      "accepts@1.3.8": {
        "integrity": "sha512-PYAthTa2m2VKxuvSD3DPC/Gy+U+sOA1LAuT8mkmRuvw+NACSaeXEQ+NHcVF7rONl6qcaxV3Uuemwawk+7+SJLw==",
        "dependencies": {
          "mime-types": "mime-types@2.1.35",
          "negotiator": "negotiator@0.6.3"
        }
      },
      "agent-base@6.0.2": {
        "integrity": "sha512-RZNwNclF7+MS/8bDg70amg32dyeZGZxiDuQmZxKLAlQjr3jGyLx+4Kkk58UO7D2QdgFIQCovuSuZESne6RG6XQ==",
        "dependencies": {
          "debug": "debug@4.3.4"
        }
      },
      "array-flatten@1.1.1": {
        "integrity": "sha512-PCVAQswWemu6UdxsDFFX/+gVeYqKAod3D3UVm91jHwynguOwAvYPhx8nNlM++NqRcK6CxxpUafjmhIdKiHibqg==",
        "dependencies": {}
      },
      "base64id@2.0.0": {
        "integrity": "sha512-lGe34o6EHj9y3Kts9R4ZYs/Gr+6N7MCaMlIFA3F1R2O5/m7K06AxfSeO5530PEERE6/WyEg3lsuyw4GHlPZHog==",
        "dependencies": {}
      },
      "body-parser@1.20.1": {
        "integrity": "sha512-jWi7abTbYwajOytWCQc37VulmWiRae5RyTpaCyDcS5/lMdtwSz5lOpDE67srw/HYe35f1z3fDQw+3txg7gNtWw==",
        "dependencies": {
          "bytes": "bytes@3.1.2",
          "content-type": "content-type@1.0.5",
          "debug": "debug@2.6.9",
          "depd": "depd@2.0.0",
          "destroy": "destroy@1.2.0",
          "http-errors": "http-errors@2.0.0",
          "iconv-lite": "iconv-lite@0.4.24",
          "on-finished": "on-finished@2.4.1",
          "qs": "qs@6.11.0",
          "raw-body": "raw-body@2.5.1",
          "type-is": "type-is@1.6.18",
          "unpipe": "unpipe@1.0.0"
        }
      },
      "bytes@3.1.2": {
        "integrity": "sha512-/Nf7TyzTx6S3yRJObOAV7956r8cr2+Oj8AC5dt8wSP3BQAoeX58NoHyCU8P8zGkNXStjTSi6fzO6F0pBdcYbEg==",
        "dependencies": {}
      },
      "call-bind@1.0.2": {
        "integrity": "sha512-7O+FbCihrB5WGbFYesctwmTKae6rOiIzmz1icreWJ+0aA7LJfuqhEso2T9ncpcFtzMQtzXf2QGGueWJGTYsqrA==",
        "dependencies": {
          "function-bind": "function-bind@1.1.1",
          "get-intrinsic": "get-intrinsic@1.2.1"
        }
      },
      "content-disposition@0.5.4": {
        "integrity": "sha512-FveZTNuGw04cxlAiWbzi6zTAL/lhehaWbTtgluJh4/E95DqMwTmha3KZN1aAWA8cFIhHzMZUvLevkw5Rqk+tSQ==",
        "dependencies": {
          "safe-buffer": "safe-buffer@5.2.1"
        }
      },
      "content-type@1.0.5": {
        "integrity": "sha512-nTjqfcBFEipKdXCv4YDQWCfmcLZKm81ldF0pAopTvyrFGVbcR6P/VAAd5G7N+0tTr8QqiU0tFadD6FK4NtJwOA==",
        "dependencies": {}
      },
      "cookie-signature@1.0.6": {
        "integrity": "sha512-QADzlaHc8icV8I7vbaJXJwod9HWYp8uCqf1xa4OfNu1T7JVxQIrUgOWtHdNDtPiywmFbiS12VjotIXLrKM3orQ==",
        "dependencies": {}
      },
      "cookie@0.4.2": {
        "integrity": "sha512-aSWTXFzaKWkvHO1Ny/s+ePFpvKsPnjc551iI41v3ny/ow6tBG5Vd+FuqGNhh1LxOmVzOlGUriIlOaokOvhaStA==",
        "dependencies": {}
      },
      "cookie@0.5.0": {
        "integrity": "sha512-YZ3GUyn/o8gfKJlnlX7g7xq4gyO6OSuhGPKaaGssGB2qgDUS0gPgtTvoyZLTt9Ab6dC4hfc9dV5arkvc/OCmrw==",
        "dependencies": {}
      },
      "cors@2.8.5": {
        "integrity": "sha512-KIHbLJqu73RGr/hnbrO9uBeixNGuvSQjul/jdFvS/KFSIH1hWVd1ng7zOHx+YrEfInLG7q4n6GHQ9cDtxv/P6g==",
        "dependencies": {
          "object-assign": "object-assign@4.1.1",
          "vary": "vary@1.1.2"
        }
      },
      "debug@2.6.9": {
        "integrity": "sha512-bC7ElrdJaJnPbAP+1EotYvqZsb3ecl5wi6Bfi6BJTUcNowp6cvspg0jXznRTKDjm/E7AdgFBVeAPVMNcKGsHMA==",
        "dependencies": {
          "ms": "ms@2.0.0"
        }
      },
      "debug@4.3.4": {
        "integrity": "sha512-PRWFHuSU3eDtQJPvnNY7Jcket1j0t5OuOsFzPPzsekD52Zl8qUfFIPEiswXqIvHWGVHOgX+7G/vCNNhehwxfkQ==",
        "dependencies": {
          "ms": "ms@2.1.2"
        }
      },
      "depd@2.0.0": {
        "integrity": "sha512-g7nH6P6dyDioJogAAGprGpCtVImJhpPk/roCzdb3fIh61/s/nPsfR6onyMwkCAR/OlC3yBC0lESvUoQEAssIrw==",
        "dependencies": {}
      },
      "destroy@1.2.0": {
        "integrity": "sha512-2sJGJTaXIIaR1w4iJSNoN0hnMY7Gpc/n8D4qSCJw8QqFWXf7cuAgnEHxBpweaVcPevC2l3KpjYCx3NypQQgaJg==",
        "dependencies": {}
      },
      "ee-first@1.1.1": {
        "integrity": "sha512-WMwm9LhRUo+WUaRN+vRuETqG89IgZphVSNkdFgeb6sS/E4OrDIN7t48CAewSHXc6C8lefD8KKfr5vY61brQlow==",
        "dependencies": {}
      },
      "encodeurl@1.0.2": {
        "integrity": "sha512-TPJXq8JqFaVYm2CWmPvnP2Iyo4ZSM7/QKcSmuMLDObfpH5fi7RUGmd/rTDf+rut/saiDiQEeVTNgAmJEdAOx0w==",
        "dependencies": {}
      },
      "engine.io-parser@5.1.0": {
        "integrity": "sha512-enySgNiK5tyZFynt3z7iqBR+Bto9EVVVvDFuTT0ioHCGbzirZVGDGiQjZzEp8hWl6hd5FSVytJGuScX1C1C35w==",
        "dependencies": {}
      },
      "engine.io@6.5.1": {
        "integrity": "sha512-mGqhI+D7YxS9KJMppR6Iuo37Ed3abhU8NdfgSvJSDUafQutrN+sPTncJYTyM9+tkhSmWodKtVYGPPHyXJEwEQA==",
        "dependencies": {
          "@types/cookie": "@types/cookie@0.4.1",
          "@types/cors": "@types/cors@2.8.13",
          "@types/node": "@types/node@20.3.2",
          "accepts": "accepts@1.3.8",
          "base64id": "base64id@2.0.0",
          "cookie": "cookie@0.4.2",
          "cors": "cors@2.8.5",
          "debug": "debug@4.3.4",
          "engine.io-parser": "engine.io-parser@5.1.0",
          "ws": "ws@8.11.0"
        }
      },
      "escape-html@1.0.3": {
        "integrity": "sha512-NiSupZ4OeuGwr68lGIeym/ksIZMJodUGOSCZ/FSnTxcrekbvqrgdUxlJOMpijaKZVjAJrWrGs/6Jy8OMuyj9ow==",
        "dependencies": {}
      },
      "etag@1.8.1": {
        "integrity": "sha512-aIL5Fx7mawVa300al2BnEE4iNvo1qETxLrPI/o05L7z6go7fCw1J6EQmbK4FmJ2AS7kgVF/KEZWufBfdClMcPg==",
        "dependencies": {}
      },
      "express@4.18.2": {
        "integrity": "sha512-5/PsL6iGPdfQ/lKM1UuielYgv3BUoJfz1aUwU9vHZ+J7gyvwdQXFEBIEIaxeGf0GIcreATNyBExtalisDbuMqQ==",
        "dependencies": {
          "accepts": "accepts@1.3.8",
          "array-flatten": "array-flatten@1.1.1",
          "body-parser": "body-parser@1.20.1",
          "content-disposition": "content-disposition@0.5.4",
          "content-type": "content-type@1.0.5",
          "cookie": "cookie@0.5.0",
          "cookie-signature": "cookie-signature@1.0.6",
          "debug": "debug@2.6.9",
          "depd": "depd@2.0.0",
          "encodeurl": "encodeurl@1.0.2",
          "escape-html": "escape-html@1.0.3",
          "etag": "etag@1.8.1",
          "finalhandler": "finalhandler@1.2.0",
          "fresh": "fresh@0.5.2",
          "http-errors": "http-errors@2.0.0",
          "merge-descriptors": "merge-descriptors@1.0.1",
          "methods": "methods@1.1.2",
          "on-finished": "on-finished@2.4.1",
          "parseurl": "parseurl@1.3.3",
          "path-to-regexp": "path-to-regexp@0.1.7",
          "proxy-addr": "proxy-addr@2.0.7",
          "qs": "qs@6.11.0",
          "range-parser": "range-parser@1.2.1",
          "safe-buffer": "safe-buffer@5.2.1",
          "send": "send@0.18.0",
          "serve-static": "serve-static@1.15.0",
          "setprototypeof": "setprototypeof@1.2.0",
          "statuses": "statuses@2.0.1",
          "type-is": "type-is@1.6.18",
          "utils-merge": "utils-merge@1.0.1",
          "vary": "vary@1.1.2"
        }
      },
      "finalhandler@1.2.0": {
        "integrity": "sha512-5uXcUVftlQMFnWC9qu/svkWv3GTd2PfUhK/3PLkYNAe7FbqJMt3515HaxE6eRL74GdsriiwujiawdaB1BpEISg==",
        "dependencies": {
          "debug": "debug@2.6.9",
          "encodeurl": "encodeurl@1.0.2",
          "escape-html": "escape-html@1.0.3",
          "on-finished": "on-finished@2.4.1",
          "parseurl": "parseurl@1.3.3",
          "statuses": "statuses@2.0.1",
          "unpipe": "unpipe@1.0.0"
        }
      },
      "follow-redirects@1.15.2": {
        "integrity": "sha512-VQLG33o04KaQ8uYi2tVNbdrWp1QWxNNea+nmIB4EVM28v0hmP17z7aG1+wAkNzVq4KeXTq3221ye5qTJP91JwA==",
        "dependencies": {}
      },
      "forwarded@0.2.0": {
        "integrity": "sha512-buRG0fpBtRHSTCOASe6hD258tEubFoRLb4ZNA6NxMVHNw2gOcwHo9wyablzMzOA5z9xA9L1KNjk/Nt6MT9aYow==",
        "dependencies": {}
      },
      "fresh@0.5.2": {
        "integrity": "sha512-zJ2mQYM18rEFOudeV4GShTGIQ7RbzA7ozbU9I/XBpm7kqgMywgmylMwXHxZJmkVoYkna9d2pVXVXPdYTP9ej8Q==",
        "dependencies": {}
      },
      "function-bind@1.1.1": {
        "integrity": "sha512-yIovAzMX49sF8Yl58fSCWJ5svSLuaibPxXQJFLmBObTuCr0Mf1KiPopGM9NiFjiYBCbfaa2Fh6breQ6ANVTI0A==",
        "dependencies": {}
      },
      "get-intrinsic@1.2.1": {
        "integrity": "sha512-2DcsyfABl+gVHEfCOaTrWgyt+tb6MSEGmKq+kI5HwLbIYgjgmMcV8KQ41uaKz1xxUcn9tJtgFbQUEVcEbd0FYw==",
        "dependencies": {
          "function-bind": "function-bind@1.1.1",
          "has": "has@1.0.3",
          "has-proto": "has-proto@1.0.1",
          "has-symbols": "has-symbols@1.0.3"
        }
      },
      "has-proto@1.0.1": {
        "integrity": "sha512-7qE+iP+O+bgF9clE5+UoBFzE65mlBiVj3tKCrlNQ0Ogwm0BjpT/gK4SlLYDMybDh5I3TCTKnPPa0oMG7JDYrhg==",
        "dependencies": {}
      },
      "has-symbols@1.0.3": {
        "integrity": "sha512-l3LCuF6MgDNwTDKkdYGEihYjt5pRPbEg46rtlmnSPlUbgmB8LOIrKJbYYFBSbnPaJexMKtiPO8hmeRjRz2Td+A==",
        "dependencies": {}
      },
      "has@1.0.3": {
        "integrity": "sha512-f2dvO0VU6Oej7RkWJGrehjbzMAjFp5/VKPp5tTpWIV4JHHZK1/BxbFRtf/siA2SWTe09caDmVtYYzWEIbBS4zw==",
        "dependencies": {
          "function-bind": "function-bind@1.1.1"
        }
      },
      "http-errors@2.0.0": {
        "integrity": "sha512-FtwrG/euBzaEjYeRqOgly7G0qviiXoJWnvEH2Z1plBdXgbyjv34pHTSb9zoeHMyDy33+DWy5Wt9Wo+TURtOYSQ==",
        "dependencies": {
          "depd": "depd@2.0.0",
          "inherits": "inherits@2.0.4",
          "setprototypeof": "setprototypeof@1.2.0",
          "statuses": "statuses@2.0.1",
          "toidentifier": "toidentifier@1.0.1"
        }
      },
      "https-proxy-agent@5.0.1": {
        "integrity": "sha512-dFcAjpTQFgoLMzC2VwU+C/CbS7uRL0lWmxDITmqm7C+7F0Odmj6s9l6alZc6AELXhrnggM2CeWSXHGOdX2YtwA==",
        "dependencies": {
          "agent-base": "agent-base@6.0.2",
          "debug": "debug@4.3.4"
        }
      },
      "iconv-lite@0.4.24": {
        "integrity": "sha512-v3MXnZAcvnywkTUEZomIActle7RXXeedOR31wwl7VlyoXO4Qi9arvSenNQWne1TcRwhCL1HwLI21bEqdpj8/rA==",
        "dependencies": {
          "safer-buffer": "safer-buffer@2.1.2"
        }
      },
      "inherits@2.0.4": {
        "integrity": "sha512-k/vGaX4/Yla3WzyMCvTQOXYeIHvqOKtnqBduzTHpzpQZzAskKMhZ2K+EnBiSM9zGSoIFeMpXKxa4dYeZIQqewQ==",
        "dependencies": {}
      },
      "ipaddr.js@1.9.1": {
        "integrity": "sha512-0KI/607xoxSToH7GjN1FfSbLoU0+btTicjsQSWQlh/hZykN8KpmMf7uYwPW3R+akZ6R/w18ZlXSHBYXiYUPO3g==",
        "dependencies": {}
      },
      "media-typer@0.3.0": {
        "integrity": "sha512-dq+qelQ9akHpcOl/gUVRTxVIOkAJ1wR3QAvb4RsVjS8oVoFjDGTc679wJYmUmknUF5HwMLOgb5O+a3KxfWapPQ==",
        "dependencies": {}
      },
      "merge-descriptors@1.0.1": {
        "integrity": "sha512-cCi6g3/Zr1iqQi6ySbseM1Xvooa98N0w31jzUYrXPX2xqObmFGHJ0tQ5u74H3mVh7wLouTseZyYIq39g8cNp1w==",
        "dependencies": {}
      },
      "methods@1.1.2": {
        "integrity": "sha512-iclAHeNqNm68zFtnZ0e+1L2yUIdvzNoauKU4WBA3VvH/vPFieF7qfRlwUZU+DA9P9bPXIS90ulxoUoCH23sV2w==",
        "dependencies": {}
      },
      "mime-db@1.52.0": {
        "integrity": "sha512-sPU4uV7dYlvtWJxwwxHD0PuihVNiE7TyAbQ5SWxDCB9mUYvOgroQOwYQQOKPJ8CIbE+1ETVlOoK1UC2nU3gYvg==",
        "dependencies": {}
      },
      "mime-types@2.1.35": {
        "integrity": "sha512-ZDY+bPm5zTTF+YpCrAU9nK0UgICYPT0QtT1NZWFv4s++TNkcgVaT0g6+4R2uI4MjQjzysHB1zxuWL50hzaeXiw==",
        "dependencies": {
          "mime-db": "mime-db@1.52.0"
        }
      },
      "mime@1.6.0": {
        "integrity": "sha512-x0Vn8spI+wuJ1O6S7gnbaQg8Pxh4NNHb7KSINmEWKiPE4RKOplvijn+NkmYmmRgP68mc70j2EbeTFRsrswaQeg==",
        "dependencies": {}
      },
      "ms@2.0.0": {
        "integrity": "sha512-Tpp60P6IUJDTuOq/5Z8cdskzJujfwqfOTkrwIwj7IRISpnkJnT6SyJ4PCPnGMoFjC9ddhal5KVIYtAt97ix05A==",
        "dependencies": {}
      },
      "ms@2.1.2": {
        "integrity": "sha512-sGkPx+VjMtmA6MX27oA4FBFELFCZZ4S4XqeGOXCv68tT+jb3vk/RyaKWP0PTKyWtmLSM0b+adUTEvbs1PEaH2w==",
        "dependencies": {}
      },
      "ms@2.1.3": {
        "integrity": "sha512-6FlzubTLZG3J2a/NVCAleEhjzq5oxgHyaCU9yYXvcLsvoVaHJq/s5xXI6/XXP6tz7R9xAOtHnSO/tXtF3WRTlA==",
        "dependencies": {}
      },
      "negotiator@0.6.3": {
        "integrity": "sha512-+EUsqGPLsM+j/zdChZjsnX51g4XrHFOIXwfnCVPGlQk/k5giakcKsuxCObBRu6DSm9opw/O6slWbJdghQM4bBg==",
        "dependencies": {}
      },
      "nodejs-file-downloader@4.12.1": {
        "integrity": "sha512-LpfCTNhh805AlLnJnzt1PuEj+RmbrccbAQZ6hBRw2e6QPVR0Qntuo6qqyvPHG5s77/0w0IEKgRAD4nbSnr/X4w==",
        "dependencies": {
          "follow-redirects": "follow-redirects@1.15.2",
          "https-proxy-agent": "https-proxy-agent@5.0.1",
          "mime-types": "mime-types@2.1.35",
          "sanitize-filename": "sanitize-filename@1.6.3"
        }
      },
      "object-assign@4.1.1": {
        "integrity": "sha512-rJgTQnkUnH1sFw8yT6VSU3zD3sWmu6sZhIseY8VX+GRu3P6F7Fu+JNDoXfklElbLJSnc3FUQHVe4cU5hj+BcUg==",
        "dependencies": {}
      },
      "object-inspect@1.12.3": {
        "integrity": "sha512-geUvdk7c+eizMNUDkRpW1wJwgfOiOeHbxBR/hLXK1aT6zmVSO0jsQcs7fj6MGw89jC/cjGfLcNOrtMYtGqm81g==",
        "dependencies": {}
      },
      "on-finished@2.4.1": {
        "integrity": "sha512-oVlzkg3ENAhCk2zdv7IJwd/QUD4z2RxRwpkcGY8psCVcCYZNq4wYnVWALHM+brtuJjePWiYF/ClmuDr8Ch5+kg==",
        "dependencies": {
          "ee-first": "ee-first@1.1.1"
        }
      },
      "parseurl@1.3.3": {
        "integrity": "sha512-CiyeOxFT/JZyN5m0z9PfXw4SCBJ6Sygz1Dpl0wqjlhDEGGBP1GnsUVEL0p63hoG1fcj3fHynXi9NYO4nWOL+qQ==",
        "dependencies": {}
      },
      "path-to-regexp@0.1.7": {
        "integrity": "sha512-5DFkuoqlv1uYQKxy8omFBeJPQcdoE07Kv2sferDCrAq1ohOU+MSDswDIbnx3YAM60qIOnYa53wBhXW0EbMonrQ==",
        "dependencies": {}
      },
      "proxy-addr@2.0.7": {
        "integrity": "sha512-llQsMLSUDUPT44jdrU/O37qlnifitDP+ZwrmmZcoSKyLKvtZxpyV0n2/bD/N4tBAAZ/gJEdZU7KMraoK1+XYAg==",
        "dependencies": {
          "forwarded": "forwarded@0.2.0",
          "ipaddr.js": "ipaddr.js@1.9.1"
        }
      },
      "qs@6.11.0": {
        "integrity": "sha512-MvjoMCJwEarSbUYk5O+nmoSzSutSsTwF85zcHPQ9OrlFoZOYIjaqBAJIqIXjptyD5vThxGq52Xu/MaJzRkIk4Q==",
        "dependencies": {
          "side-channel": "side-channel@1.0.4"
        }
      },
      "range-parser@1.2.1": {
        "integrity": "sha512-Hrgsx+orqoygnmhFbKaHE6c296J+HTAQXoxEF6gNupROmmGJRoyzfG3ccAveqCBrwr/2yxQ5BVd/GTl5agOwSg==",
        "dependencies": {}
      },
      "raw-body@2.5.1": {
        "integrity": "sha512-qqJBtEyVgS0ZmPGdCFPWJ3FreoqvG4MVQln/kCgF7Olq95IbOp0/BWyMwbdtn4VTvkM8Y7khCQ2Xgk/tcrCXig==",
        "dependencies": {
          "bytes": "bytes@3.1.2",
          "http-errors": "http-errors@2.0.0",
          "iconv-lite": "iconv-lite@0.4.24",
          "unpipe": "unpipe@1.0.0"
        }
      },
      "safe-buffer@5.2.1": {
        "integrity": "sha512-rp3So07KcdmmKbGvgaNxQSJr7bGVSVk5S9Eq1F+ppbRo70+YeaDxkw5Dd8NPN+GD6bjnYm2VuPuCXmpuYvmCXQ==",
        "dependencies": {}
      },
      "safer-buffer@2.1.2": {
        "integrity": "sha512-YZo3K82SD7Riyi0E1EQPojLz7kpepnSQI9IyPbHHg1XXXevb5dJI7tpyN2ADxGcQbHG7vcyRHk0cbwqcQriUtg==",
        "dependencies": {}
      },
      "sanitize-filename@1.6.3": {
        "integrity": "sha512-y/52Mcy7aw3gRm7IrcGDFx/bCk4AhRh2eI9luHOQM86nZsqwiRkkq2GekHXBBD+SmPidc8i2PqtYZl+pWJ8Oeg==",
        "dependencies": {
          "truncate-utf8-bytes": "truncate-utf8-bytes@1.0.2"
        }
      },
      "send@0.18.0": {
        "integrity": "sha512-qqWzuOjSFOuqPjFe4NOsMLafToQQwBSOEpS+FwEt3A2V3vKubTquT3vmLTQpFgMXp8AlFWFuP1qKaJZOtPpVXg==",
        "dependencies": {
          "debug": "debug@2.6.9",
          "depd": "depd@2.0.0",
          "destroy": "destroy@1.2.0",
          "encodeurl": "encodeurl@1.0.2",
          "escape-html": "escape-html@1.0.3",
          "etag": "etag@1.8.1",
          "fresh": "fresh@0.5.2",
          "http-errors": "http-errors@2.0.0",
          "mime": "mime@1.6.0",
          "ms": "ms@2.1.3",
          "on-finished": "on-finished@2.4.1",
          "range-parser": "range-parser@1.2.1",
          "statuses": "statuses@2.0.1"
        }
      },
      "serve-static@1.15.0": {
        "integrity": "sha512-XGuRDNjXUijsUL0vl6nSD7cwURuzEgglbOaFuZM9g3kwDXOWVTck0jLzjPzGD+TazWbboZYu52/9/XPdUgne9g==",
        "dependencies": {
          "encodeurl": "encodeurl@1.0.2",
          "escape-html": "escape-html@1.0.3",
          "parseurl": "parseurl@1.3.3",
          "send": "send@0.18.0"
        }
      },
      "setprototypeof@1.2.0": {
        "integrity": "sha512-E5LDX7Wrp85Kil5bhZv46j8jOeboKq5JMmYM3gVGdGH8xFpPWXUMsNrlODCrkoxMEeNi/XZIwuRvY4XNwYMJpw==",
        "dependencies": {}
      },
      "side-channel@1.0.4": {
        "integrity": "sha512-q5XPytqFEIKHkGdiMIrY10mvLRvnQh42/+GoBlFW3b2LXLE2xxJpZFdm94we0BaoV3RwJyGqg5wS7epxTv0Zvw==",
        "dependencies": {
          "call-bind": "call-bind@1.0.2",
          "get-intrinsic": "get-intrinsic@1.2.1",
          "object-inspect": "object-inspect@1.12.3"
        }
      },
      "socket.io-adapter@2.5.2": {
        "integrity": "sha512-87C3LO/NOMc+eMcpcxUBebGjkpMDkNBS9tf7KJqcDsmL936EChtVva71Dw2q4tQcuVC+hAUy4an2NO/sYXmwRA==",
        "dependencies": {
          "ws": "ws@8.11.0"
        }
      },
      "socket.io-parser@4.2.4": {
        "integrity": "sha512-/GbIKmo8ioc+NIWIhwdecY0ge+qVBSMdgxGygevmdHj24bsfgtCmcUUcQ5ZzcylGFHsN3k4HB4Cgkl96KVnuew==",
        "dependencies": {
          "@socket.io/component-emitter": "@socket.io/component-emitter@3.1.0",
          "debug": "debug@4.3.4"
        }
      },
      "socket.io@4.7.1": {
        "integrity": "sha512-W+utHys2w//dhFjy7iQQu9sGd3eokCjGbl2r59tyLqNiJJBdIebn3GAKEXBr3osqHTObJi2die/25bCx2zsaaw==",
        "dependencies": {
          "accepts": "accepts@1.3.8",
          "base64id": "base64id@2.0.0",
          "cors": "cors@2.8.5",
          "debug": "debug@4.3.4",
          "engine.io": "engine.io@6.5.1",
          "socket.io-adapter": "socket.io-adapter@2.5.2",
          "socket.io-parser": "socket.io-parser@4.2.4"
        }
      },
      "statuses@2.0.1": {
        "integrity": "sha512-RwNA9Z/7PrK06rYLIzFMlaF+l73iwpzsqRIFgbMLbTcLD6cOao82TaWefPXQvB2fOC4AjuYSEndS7N/mTCbkdQ==",
        "dependencies": {}
      },
      "toidentifier@1.0.1": {
        "integrity": "sha512-o5sSPKEkg/DIQNmH43V0/uerLrpzVedkUh8tGNvaeXpfpuwjKenlSox/2O/BTlZUtEe+JG7s5YhEz608PlAHRA==",
        "dependencies": {}
      },
      "truncate-utf8-bytes@1.0.2": {
        "integrity": "sha512-95Pu1QXQvruGEhv62XCMO3Mm90GscOCClvrIUwCM0PYOXK3kaF3l3sIHxx71ThJfcbM2O5Au6SO3AWCSEfW4mQ==",
        "dependencies": {
          "utf8-byte-length": "utf8-byte-length@1.0.4"
        }
      },
      "type-is@1.6.18": {
        "integrity": "sha512-TkRKr9sUTxEH8MdfuCSP7VizJyzRNMjj2J2do2Jr3Kym598JVdEksuzPQCnlFPW4ky9Q+iA+ma9BGm06XQBy8g==",
        "dependencies": {
          "media-typer": "media-typer@0.3.0",
          "mime-types": "mime-types@2.1.35"
        }
      },
      "unpipe@1.0.0": {
        "integrity": "sha512-pjy2bYhSsufwWlKwPc+l3cN7+wuJlK6uz0YdJEOlQDbl6jo/YlPi4mb8agUkVC8BF7V8NuzeyPNqRksA3hztKQ==",
        "dependencies": {}
      },
      "utf8-byte-length@1.0.4": {
        "integrity": "sha512-4+wkEYLBbWxqTahEsWrhxepcoVOJ+1z5PGIjPZxRkytcdSUaNjIjBM7Xn8E+pdSuV7SzvWovBFA54FO0JSoqhA==",
        "dependencies": {}
      },
      "utils-merge@1.0.1": {
        "integrity": "sha512-pMZTvIkT1d+TFGvDOqodOclx0QWkkgi6Tdoa8gC8ffGAAqz9pzPTZWAybbsHHoED/ztMtkv/VoYTYyShUn81hA==",
        "dependencies": {}
      },
      "vary@1.1.2": {
        "integrity": "sha512-BNGbWLfd0eUPabhkXUVm0j8uuvREyTh5ovRa/dyow/BqAbZJyC+5fU+IzQOzmAKzYqYRAISoRhdQr3eIZ/PXqg==",
        "dependencies": {}
      },
      "ws@8.11.0": {
        "integrity": "sha512-HPG3wQd9sNQoT9xHyNCXoDUa+Xw/VevmY9FoHyQ+g+rrMn4j6FB4np7Z0OhdTgjx6MgQLK7jwSy1YecU1+4Asg==",
        "dependencies": {}
      }
    }
  }
}
